// !$*UTF8*$!
{
	archiveVersion = 1;
	classes = {
	};
	objectVersion = 50;
	objects = {

/* Begin PBXBuildFile section */
		9EB648992582B8BF0089AB83 /* PMAcademyApp.swift in Sources */ = {isa = PBXBuildFile; fileRef = 9EB648982582B8BF0089AB83 /* PMAcademyApp.swift */; };
		9EB6489B2582B8BF0089AB83 /* PMAcademyDocument.swift in Sources */ = {isa = PBXBuildFile; fileRef = 9EB6489A2582B8BF0089AB83 /* PMAcademyDocument.swift */; };
		9EB6489D2582B8BF0089AB83 /* ContentView.swift in Sources */ = {isa = PBXBuildFile; fileRef = 9EB6489C2582B8BF0089AB83 /* ContentView.swift */; };
		9EB6489F2582B8C20089AB83 /* Assets.xcassets in Resources */ = {isa = PBXBuildFile; fileRef = 9EB6489E2582B8C20089AB83 /* Assets.xcassets */; };
		9EB648A22582B8C20089AB83 /* Preview Assets.xcassets in Resources */ = {isa = PBXBuildFile; fileRef = 9EB648A12582B8C20089AB83 /* Preview Assets.xcassets */; };
		9EB648AD2582B8C20089AB83 /* PMAcademyTests.swift in Sources */ = {isa = PBXBuildFile; fileRef = 9EB648AC2582B8C20089AB83 /* PMAcademyTests.swift */; };
		9EB648B82582B8C20089AB83 /* PMAcademyUITests.swift in Sources */ = {isa = PBXBuildFile; fileRef = 9EB648B72582B8C20089AB83 /* PMAcademyUITests.swift */; };
		9EB648C92582B8ED0089AB83 /* Task 1.1.swift in Sources */ = {isa = PBXBuildFile; fileRef = 9EB648C82582B8ED0089AB83 /* Task 1.1.swift */; };
		9EB648F62582BC250089AB83 /* Task 1.2.swift in Sources */ = {isa = PBXBuildFile; fileRef = 9EB648F52582BC250089AB83 /* Task 1.2.swift */; };
		9EB648FB2582BD7C0089AB83 /* Task 1.3.swift in Sources */ = {isa = PBXBuildFile; fileRef = 9EB648FA2582BD7C0089AB83 /* Task 1.3.swift */; };
/* End PBXBuildFile section */

/* Begin PBXContainerItemProxy section */
		9EB648A92582B8C20089AB83 /* PBXContainerItemProxy */ = {
			isa = PBXContainerItemProxy;
			containerPortal = 9EB6488D2582B8BF0089AB83 /* Project object */;
			proxyType = 1;
			remoteGlobalIDString = 9EB648942582B8BF0089AB83;
			remoteInfo = PMAcademy;
		};
		9EB648B42582B8C20089AB83 /* PBXContainerItemProxy */ = {
			isa = PBXContainerItemProxy;
			containerPortal = 9EB6488D2582B8BF0089AB83 /* Project object */;
			proxyType = 1;
			remoteGlobalIDString = 9EB648942582B8BF0089AB83;
			remoteInfo = PMAcademy;
		};
/* End PBXContainerItemProxy section */

/* Begin PBXFileReference section */
		9EB648952582B8BF0089AB83 /* PMAcademy.app */ = {isa = PBXFileReference; explicitFileType = wrapper.application; includeInIndex = 0; path = PMAcademy.app; sourceTree = BUILT_PRODUCTS_DIR; };
		9EB648982582B8BF0089AB83 /* PMAcademyApp.swift */ = {isa = PBXFileReference; lastKnownFileType = sourcecode.swift; path = PMAcademyApp.swift; sourceTree = "<group>"; };
		9EB6489A2582B8BF0089AB83 /* PMAcademyDocument.swift */ = {isa = PBXFileReference; lastKnownFileType = sourcecode.swift; path = PMAcademyDocument.swift; sourceTree = "<group>"; };
		9EB6489C2582B8BF0089AB83 /* ContentView.swift */ = {isa = PBXFileReference; lastKnownFileType = sourcecode.swift; path = ContentView.swift; sourceTree = "<group>"; };
		9EB6489E2582B8C20089AB83 /* Assets.xcassets */ = {isa = PBXFileReference; lastKnownFileType = folder.assetcatalog; path = Assets.xcassets; sourceTree = "<group>"; };
		9EB648A12582B8C20089AB83 /* Preview Assets.xcassets */ = {isa = PBXFileReference; lastKnownFileType = folder.assetcatalog; path = "Preview Assets.xcassets"; sourceTree = "<group>"; };
		9EB648A32582B8C20089AB83 /* Info.plist */ = {isa = PBXFileReference; lastKnownFileType = text.plist.xml; path = Info.plist; sourceTree = "<group>"; };
		9EB648A82582B8C20089AB83 /* PMAcademyTests.xctest */ = {isa = PBXFileReference; explicitFileType = wrapper.cfbundle; includeInIndex = 0; path = PMAcademyTests.xctest; sourceTree = BUILT_PRODUCTS_DIR; };
		9EB648AC2582B8C20089AB83 /* PMAcademyTests.swift */ = {isa = PBXFileReference; lastKnownFileType = sourcecode.swift; path = PMAcademyTests.swift; sourceTree = "<group>"; };
		9EB648AE2582B8C20089AB83 /* Info.plist */ = {isa = PBXFileReference; lastKnownFileType = text.plist.xml; path = Info.plist; sourceTree = "<group>"; };
		9EB648B32582B8C20089AB83 /* PMAcademyUITests.xctest */ = {isa = PBXFileReference; explicitFileType = wrapper.cfbundle; includeInIndex = 0; path = PMAcademyUITests.xctest; sourceTree = BUILT_PRODUCTS_DIR; };
		9EB648B72582B8C20089AB83 /* PMAcademyUITests.swift */ = {isa = PBXFileReference; lastKnownFileType = sourcecode.swift; path = PMAcademyUITests.swift; sourceTree = "<group>"; };
		9EB648B92582B8C20089AB83 /* Info.plist */ = {isa = PBXFileReference; lastKnownFileType = text.plist.xml; path = Info.plist; sourceTree = "<group>"; };
		9EB648C82582B8ED0089AB83 /* Task 1.1.swift */ = {isa = PBXFileReference; lastKnownFileType = sourcecode.swift; path = "Task 1.1.swift"; sourceTree = "<group>"; };
		9EB648F52582BC250089AB83 /* Task 1.2.swift */ = {isa = PBXFileReference; lastKnownFileType = sourcecode.swift; path = "Task 1.2.swift"; sourceTree = "<group>"; };
		9EB648FA2582BD7C0089AB83 /* Task 1.3.swift */ = {isa = PBXFileReference; lastKnownFileType = sourcecode.swift; path = "Task 1.3.swift"; sourceTree = "<group>"; };
/* End PBXFileReference section */

/* Begin PBXFrameworksBuildPhase section */
		9EB648922582B8BF0089AB83 /* Frameworks */ = {
			isa = PBXFrameworksBuildPhase;
			buildActionMask = 2147483647;
			files = (
			);
			runOnlyForDeploymentPostprocessing = 0;
		};
		9EB648A52582B8C20089AB83 /* Frameworks */ = {
			isa = PBXFrameworksBuildPhase;
			buildActionMask = 2147483647;
			files = (
			);
			runOnlyForDeploymentPostprocessing = 0;
		};
		9EB648B02582B8C20089AB83 /* Frameworks */ = {
			isa = PBXFrameworksBuildPhase;
			buildActionMask = 2147483647;
			files = (
			);
			runOnlyForDeploymentPostprocessing = 0;
		};
/* End PBXFrameworksBuildPhase section */

/* Begin PBXGroup section */
		9EB6488C2582B8BF0089AB83 = {
			isa = PBXGroup;
			children = (
				9EB648FA2582BD7C0089AB83 /* Task 1.3.swift */,
				9EB648F52582BC250089AB83 /* Task 1.2.swift */,
				9EB648C82582B8ED0089AB83 /* Task 1.1.swift */,
				9EB648972582B8BF0089AB83 /* PMAcademy */,
				9EB648AB2582B8C20089AB83 /* PMAcademyTests */,
				9EB648B62582B8C20089AB83 /* PMAcademyUITests */,
				9EB648962582B8BF0089AB83 /* Products */,
			);
			sourceTree = "<group>";
		};
		9EB648962582B8BF0089AB83 /* Products */ = {
			isa = PBXGroup;
			children = (
				9EB648952582B8BF0089AB83 /* PMAcademy.app */,
				9EB648A82582B8C20089AB83 /* PMAcademyTests.xctest */,
				9EB648B32582B8C20089AB83 /* PMAcademyUITests.xctest */,
			);
			name = Products;
			sourceTree = "<group>";
		};
		9EB648972582B8BF0089AB83 /* PMAcademy */ = {
			isa = PBXGroup;
			children = (
				9EB648982582B8BF0089AB83 /* PMAcademyApp.swift */,
				9EB6489A2582B8BF0089AB83 /* PMAcademyDocument.swift */,
				9EB6489C2582B8BF0089AB83 /* ContentView.swift */,
				9EB6489E2582B8C20089AB83 /* Assets.xcassets */,
				9EB648A32582B8C20089AB83 /* Info.plist */,
				9EB648A02582B8C20089AB83 /* Preview Content */,
			);
			path = PMAcademy;
			sourceTree = "<group>";
		};
		9EB648A02582B8C20089AB83 /* Preview Content */ = {
			isa = PBXGroup;
			children = (
				9EB648A12582B8C20089AB83 /* Preview Assets.xcassets */,
			);
			path = "Preview Content";
			sourceTree = "<group>";
		};
		9EB648AB2582B8C20089AB83 /* PMAcademyTests */ = {
			isa = PBXGroup;
			children = (
				9EB648AC2582B8C20089AB83 /* PMAcademyTests.swift */,
				9EB648AE2582B8C20089AB83 /* Info.plist */,
			);
			path = PMAcademyTests;
			sourceTree = "<group>";
		};
		9EB648B62582B8C20089AB83 /* PMAcademyUITests */ = {
			isa = PBXGroup;
			children = (
				9EB648B72582B8C20089AB83 /* PMAcademyUITests.swift */,
				9EB648B92582B8C20089AB83 /* Info.plist */,
			);
			path = PMAcademyUITests;
			sourceTree = "<group>";
		};
/* End PBXGroup section */

/* Begin PBXNativeTarget section */
		9EB648942582B8BF0089AB83 /* PMAcademy */ = {
			isa = PBXNativeTarget;
			buildConfigurationList = 9EB648BC2582B8C20089AB83 /* Build configuration list for PBXNativeTarget "PMAcademy" */;
			buildPhases = (
				9EB648912582B8BF0089AB83 /* Sources */,
				9EB648922582B8BF0089AB83 /* Frameworks */,
				9EB648932582B8BF0089AB83 /* Resources */,
			);
			buildRules = (
			);
			dependencies = (
			);
			name = PMAcademy;
			productName = PMAcademy;
			productReference = 9EB648952582B8BF0089AB83 /* PMAcademy.app */;
			productType = "com.apple.product-type.application";
		};
		9EB648A72582B8C20089AB83 /* PMAcademyTests */ = {
			isa = PBXNativeTarget;
			buildConfigurationList = 9EB648BF2582B8C20089AB83 /* Build configuration list for PBXNativeTarget "PMAcademyTests" */;
			buildPhases = (
				9EB648A42582B8C20089AB83 /* Sources */,
				9EB648A52582B8C20089AB83 /* Frameworks */,
				9EB648A62582B8C20089AB83 /* Resources */,
			);
			buildRules = (
			);
			dependencies = (
				9EB648AA2582B8C20089AB83 /* PBXTargetDependency */,
			);
			name = PMAcademyTests;
			productName = PMAcademyTests;
			productReference = 9EB648A82582B8C20089AB83 /* PMAcademyTests.xctest */;
			productType = "com.apple.product-type.bundle.unit-test";
		};
		9EB648B22582B8C20089AB83 /* PMAcademyUITests */ = {
			isa = PBXNativeTarget;
			buildConfigurationList = 9EB648C22582B8C20089AB83 /* Build configuration list for PBXNativeTarget "PMAcademyUITests" */;
			buildPhases = (
				9EB648AF2582B8C20089AB83 /* Sources */,
				9EB648B02582B8C20089AB83 /* Frameworks */,
				9EB648B12582B8C20089AB83 /* Resources */,
			);
			buildRules = (
			);
			dependencies = (
				9EB648B52582B8C20089AB83 /* PBXTargetDependency */,
			);
			name = PMAcademyUITests;
			productName = PMAcademyUITests;
			productReference = 9EB648B32582B8C20089AB83 /* PMAcademyUITests.xctest */;
			productType = "com.apple.product-type.bundle.ui-testing";
		};
/* End PBXNativeTarget section */

/* Begin PBXProject section */
		9EB6488D2582B8BF0089AB83 /* Project object */ = {
			isa = PBXProject;
			attributes = {
				LastSwiftUpdateCheck = 1220;
				LastUpgradeCheck = 1220;
				TargetAttributes = {
					9EB648942582B8BF0089AB83 = {
						CreatedOnToolsVersion = 12.2;
					};
					9EB648A72582B8C20089AB83 = {
						CreatedOnToolsVersion = 12.2;
						TestTargetID = 9EB648942582B8BF0089AB83;
					};
					9EB648B22582B8C20089AB83 = {
						CreatedOnToolsVersion = 12.2;
						TestTargetID = 9EB648942582B8BF0089AB83;
					};
				};
			};
			buildConfigurationList = 9EB648902582B8BF0089AB83 /* Build configuration list for PBXProject "PMAcademy" */;
			compatibilityVersion = "Xcode 9.3";
			developmentRegion = en;
			hasScannedForEncodings = 0;
			knownRegions = (
				en,
				Base,
			);
			mainGroup = 9EB6488C2582B8BF0089AB83;
			productRefGroup = 9EB648962582B8BF0089AB83 /* Products */;
			projectDirPath = "";
			projectRoot = "";
			targets = (
				9EB648942582B8BF0089AB83 /* PMAcademy */,
				9EB648A72582B8C20089AB83 /* PMAcademyTests */,
				9EB648B22582B8C20089AB83 /* PMAcademyUITests */,
			);
		};
/* End PBXProject section */

/* Begin PBXResourcesBuildPhase section */
		9EB648932582B8BF0089AB83 /* Resources */ = {
			isa = PBXResourcesBuildPhase;
			buildActionMask = 2147483647;
			files = (
				9EB648A22582B8C20089AB83 /* Preview Assets.xcassets in Resources */,
				9EB6489F2582B8C20089AB83 /* Assets.xcassets in Resources */,
			);
			runOnlyForDeploymentPostprocessing = 0;
		};
		9EB648A62582B8C20089AB83 /* Resources */ = {
			isa = PBXResourcesBuildPhase;
			buildActionMask = 2147483647;
			files = (
			);
			runOnlyForDeploymentPostprocessing = 0;
		};
		9EB648B12582B8C20089AB83 /* Resources */ = {
			isa = PBXResourcesBuildPhase;
			buildActionMask = 2147483647;
			files = (
			);
			runOnlyForDeploymentPostprocessing = 0;
		};
/* End PBXResourcesBuildPhase section */

/* Begin PBXSourcesBuildPhase section */
		9EB648912582B8BF0089AB83 /* Sources */ = {
			isa = PBXSourcesBuildPhase;
			buildActionMask = 2147483647;
			files = (
				9EB648C92582B8ED0089AB83 /* Task 1.1.swift in Sources */,
				9EB6489B2582B8BF0089AB83 /* PMAcademyDocument.swift in Sources */,
				9EB648992582B8BF0089AB83 /* PMAcademyApp.swift in Sources */,
				9EB6489D2582B8BF0089AB83 /* ContentView.swift in Sources */,
				9EB648FB2582BD7C0089AB83 /* Task 1.3.swift in Sources */,
				9EB648F62582BC250089AB83 /* Task 1.2.swift in Sources */,
			);
			runOnlyForDeploymentPostprocessing = 0;
		};
		9EB648A42582B8C20089AB83 /* Sources */ = {
			isa = PBXSourcesBuildPhase;
			buildActionMask = 2147483647;
			files = (
				9EB648AD2582B8C20089AB83 /* PMAcademyTests.swift in Sources */,
			);
			runOnlyForDeploymentPostprocessing = 0;
		};
		9EB648AF2582B8C20089AB83 /* Sources */ = {
			isa = PBXSourcesBuildPhase;
			buildActionMask = 2147483647;
			files = (
				9EB648B82582B8C20089AB83 /* PMAcademyUITests.swift in Sources */,
			);
			runOnlyForDeploymentPostprocessing = 0;
		};
/* End PBXSourcesBuildPhase section */

/* Begin PBXTargetDependency section */
		9EB648AA2582B8C20089AB83 /* PBXTargetDependency */ = {
			isa = PBXTargetDependency;
			target = 9EB648942582B8BF0089AB83 /* PMAcademy */;
			targetProxy = 9EB648A92582B8C20089AB83 /* PBXContainerItemProxy */;
		};
		9EB648B52582B8C20089AB83 /* PBXTargetDependency */ = {
			isa = PBXTargetDependency;
			target = 9EB648942582B8BF0089AB83 /* PMAcademy */;
			targetProxy = 9EB648B42582B8C20089AB83 /* PBXContainerItemProxy */;
		};
/* End PBXTargetDependency section */

/* Begin XCBuildConfiguration section */
		9EB648BA2582B8C20089AB83 /* Debug */ = {
			isa = XCBuildConfiguration;
			buildSettings = {
				ALWAYS_SEARCH_USER_PATHS = NO;
				CLANG_ANALYZER_NONNULL = YES;
				CLANG_ANALYZER_NUMBER_OBJECT_CONVERSION = YES_AGGRESSIVE;
				CLANG_CXX_LANGUAGE_STANDARD = "gnu++14";
				CLANG_CXX_LIBRARY = "libc++";
				CLANG_ENABLE_MODULES = YES;
				CLANG_ENABLE_OBJC_ARC = YES;
				CLANG_ENABLE_OBJC_WEAK = YES;
				CLANG_WARN_BLOCK_CAPTURE_AUTORELEASING = YES;
				CLANG_WARN_BOOL_CONVERSION = YES;
				CLANG_WARN_COMMA = YES;
				CLANG_WARN_CONSTANT_CONVERSION = YES;
				CLANG_WARN_DEPRECATED_OBJC_IMPLEMENTATIONS = YES;
				CLANG_WARN_DIRECT_OBJC_ISA_USAGE = YES_ERROR;
				CLANG_WARN_DOCUMENTATION_COMMENTS = YES;
				CLANG_WARN_EMPTY_BODY = YES;
				CLANG_WARN_ENUM_CONVERSION = YES;
				CLANG_WARN_INFINITE_RECURSION = YES;
				CLANG_WARN_INT_CONVERSION = YES;
				CLANG_WARN_NON_LITERAL_NULL_CONVERSION = YES;
				CLANG_WARN_OBJC_IMPLICIT_RETAIN_SELF = YES;
				CLANG_WARN_OBJC_LITERAL_CONVERSION = YES;
				CLANG_WARN_OBJC_ROOT_CLASS = YES_ERROR;
				CLANG_WARN_QUOTED_INCLUDE_IN_FRAMEWORK_HEADER = YES;
				CLANG_WARN_RANGE_LOOP_ANALYSIS = YES;
				CLANG_WARN_STRICT_PROTOTYPES = YES;
				CLANG_WARN_SUSPICIOUS_MOVE = YES;
				CLANG_WARN_UNGUARDED_AVAILABILITY = YES_AGGRESSIVE;
				CLANG_WARN_UNREACHABLE_CODE = YES;
				CLANG_WARN__DUPLICATE_METHOD_MATCH = YES;
				COPY_PHASE_STRIP = NO;
				DEBUG_INFORMATION_FORMAT = dwarf;
				ENABLE_STRICT_OBJC_MSGSEND = YES;
				ENABLE_TESTABILITY = YES;
				GCC_C_LANGUAGE_STANDARD = gnu11;
				GCC_DYNAMIC_NO_PIC = NO;
				GCC_NO_COMMON_BLOCKS = YES;
				GCC_OPTIMIZATION_LEVEL = 0;
				GCC_PREPROCESSOR_DEFINITIONS = (
					"DEBUG=1",
					"$(inherited)",
				);
				GCC_WARN_64_TO_32_BIT_CONVERSION = YES;
				GCC_WARN_ABOUT_RETURN_TYPE = YES_ERROR;
				GCC_WARN_UNDECLARED_SELECTOR = YES;
				GCC_WARN_UNINITIALIZED_AUTOS = YES_AGGRESSIVE;
				GCC_WARN_UNUSED_FUNCTION = YES;
				GCC_WARN_UNUSED_VARIABLE = YES;
				IPHONEOS_DEPLOYMENT_TARGET = 14.2;
				MTL_ENABLE_DEBUG_INFO = INCLUDE_SOURCE;
				MTL_FAST_MATH = YES;
				ONLY_ACTIVE_ARCH = YES;
				SDKROOT = iphoneos;
				SWIFT_ACTIVE_COMPILATION_CONDITIONS = DEBUG;
				SWIFT_OPTIMIZATION_LEVEL = "-Onone";
			};
			name = Debug;
		};
		9EB648BB2582B8C20089AB83 /* Release */ = {
			isa = XCBuildConfiguration;
			buildSettings = {
				ALWAYS_SEARCH_USER_PATHS = NO;
				CLANG_ANALYZER_NONNULL = YES;
				CLANG_ANALYZER_NUMBER_OBJECT_CONVERSION = YES_AGGRESSIVE;
				CLANG_CXX_LANGUAGE_STANDARD = "gnu++14";
				CLANG_CXX_LIBRARY = "libc++";
				CLANG_ENABLE_MODULES = YES;
				CLANG_ENABLE_OBJC_ARC = YES;
				CLANG_ENABLE_OBJC_WEAK = YES;
				CLANG_WARN_BLOCK_CAPTURE_AUTORELEASING = YES;
				CLANG_WARN_BOOL_CONVERSION = YES;
				CLANG_WARN_COMMA = YES;
				CLANG_WARN_CONSTANT_CONVERSION = YES;
				CLANG_WARN_DEPRECATED_OBJC_IMPLEMENTATIONS = YES;
				CLANG_WARN_DIRECT_OBJC_ISA_USAGE = YES_ERROR;
				CLANG_WARN_DOCUMENTATION_COMMENTS = YES;
				CLANG_WARN_EMPTY_BODY = YES;
				CLANG_WARN_ENUM_CONVERSION = YES;
				CLANG_WARN_INFINITE_RECURSION = YES;
				CLANG_WARN_INT_CONVERSION = YES;
				CLANG_WARN_NON_LITERAL_NULL_CONVERSION = YES;
				CLANG_WARN_OBJC_IMPLICIT_RETAIN_SELF = YES;
				CLANG_WARN_OBJC_LITERAL_CONVERSION = YES;
				CLANG_WARN_OBJC_ROOT_CLASS = YES_ERROR;
				CLANG_WARN_QUOTED_INCLUDE_IN_FRAMEWORK_HEADER = YES;
				CLANG_WARN_RANGE_LOOP_ANALYSIS = YES;
				CLANG_WARN_STRICT_PROTOTYPES = YES;
				CLANG_WARN_SUSPICIOUS_MOVE = YES;
				CLANG_WARN_UNGUARDED_AVAILABILITY = YES_AGGRESSIVE;
				CLANG_WARN_UNREACHABLE_CODE = YES;
				CLANG_WARN__DUPLICATE_METHOD_MATCH = YES;
				COPY_PHASE_STRIP = NO;
				DEBUG_INFORMATION_FORMAT = "dwarf-with-dsym";
				ENABLE_NS_ASSERTIONS = NO;
				ENABLE_STRICT_OBJC_MSGSEND = YES;
				GCC_C_LANGUAGE_STANDARD = gnu11;
				GCC_NO_COMMON_BLOCKS = YES;
				GCC_WARN_64_TO_32_BIT_CONVERSION = YES;
				GCC_WARN_ABOUT_RETURN_TYPE = YES_ERROR;
				GCC_WARN_UNDECLARED_SELECTOR = YES;
				GCC_WARN_UNINITIALIZED_AUTOS = YES_AGGRESSIVE;
				GCC_WARN_UNUSED_FUNCTION = YES;
				GCC_WARN_UNUSED_VARIABLE = YES;
				IPHONEOS_DEPLOYMENT_TARGET = 14.2;
				MTL_ENABLE_DEBUG_INFO = NO;
				MTL_FAST_MATH = YES;
				SDKROOT = iphoneos;
				SWIFT_COMPILATION_MODE = wholemodule;
				SWIFT_OPTIMIZATION_LEVEL = "-O";
				VALIDATE_PRODUCT = YES;
			};
			name = Release;
		};
		9EB648BD2582B8C20089AB83 /* Debug */ = {
			isa = XCBuildConfiguration;
			buildSettings = {
				ASSETCATALOG_COMPILER_APPICON_NAME = AppIcon;
				ASSETCATALOG_COMPILER_GLOBAL_ACCENT_COLOR_NAME = AccentColor;
				CODE_SIGN_STYLE = Automatic;
				DEVELOPMENT_ASSET_PATHS = "\"PMAcademy/Preview Content\"";
				ENABLE_PREVIEWS = YES;
				INFOPLIST_FILE = PMAcademy/Info.plist;
				IPHONEOS_DEPLOYMENT_TARGET = 14.0;
				LD_RUNPATH_SEARCH_PATHS = (
					"$(inherited)",
					"@executable_path/Frameworks",
				);
				PRODUCT_BUNDLE_IDENTIFIER = Kosenko.PMAcademy;
				PRODUCT_NAME = "$(TARGET_NAME)";
				SWIFT_VERSION = 5.0;
				TARGETED_DEVICE_FAMILY = "1,2";
			};
			name = Debug;
		};
		9EB648BE2582B8C20089AB83 /* Release */ = {
			isa = XCBuildConfiguration;
			buildSettings = {
				ASSETCATALOG_COMPILER_APPICON_NAME = AppIcon;
				ASSETCATALOG_COMPILER_GLOBAL_ACCENT_COLOR_NAME = AccentColor;
				CODE_SIGN_STYLE = Automatic;
				DEVELOPMENT_ASSET_PATHS = "\"PMAcademy/Preview Content\"";
				ENABLE_PREVIEWS = YES;
				INFOPLIST_FILE = PMAcademy/Info.plist;
				IPHONEOS_DEPLOYMENT_TARGET = 14.0;
				LD_RUNPATH_SEARCH_PATHS = (
					"$(inherited)",
					"@executable_path/Frameworks",
				);
				PRODUCT_BUNDLE_IDENTIFIER = Kosenko.PMAcademy;
				PRODUCT_NAME = "$(TARGET_NAME)";
				SWIFT_VERSION = 5.0;
				TARGETED_DEVICE_FAMILY = "1,2";
			};
			name = Release;
		};
		9EB648C02582B8C20089AB83 /* Debug */ = {
			isa = XCBuildConfiguration;
			buildSettings = {
				ALWAYS_EMBED_SWIFT_STANDARD_LIBRARIES = YES;
				BUNDLE_LOADER = "$(TEST_HOST)";
				CODE_SIGN_STYLE = Automatic;
				INFOPLIST_FILE = PMAcademyTests/Info.plist;
				IPHONEOS_DEPLOYMENT_TARGET = 14.0;
				LD_RUNPATH_SEARCH_PATHS = (
					"$(inherited)",
					"@executable_path/Frameworks",
					"@loader_path/Frameworks",
				);
				PRODUCT_BUNDLE_IDENTIFIER = Kosenko.PMAcademyTests;
				PRODUCT_NAME = "$(TARGET_NAME)";
				SWIFT_VERSION = 5.0;
				TARGETED_DEVICE_FAMILY = "1,2";
				TEST_HOST = "$(BUILT_PRODUCTS_DIR)/PMAcademy.app/PMAcademy";
			};
			name = Debug;
		};
		9EB648C12582B8C20089AB83 /* Release */ = {
			isa = XCBuildConfiguration;
			buildSettings = {
				ALWAYS_EMBED_SWIFT_STANDARD_LIBRARIES = YES;
				BUNDLE_LOADER = "$(TEST_HOST)";
				CODE_SIGN_STYLE = Automatic;
				INFOPLIST_FILE = PMAcademyTests/Info.plist;
				IPHONEOS_DEPLOYMENT_TARGET = 14.0;
				LD_RUNPATH_SEARCH_PATHS = (
					"$(inherited)",
					"@executable_path/Frameworks",
					"@loader_path/Frameworks",
				);
				PRODUCT_BUNDLE_IDENTIFIER = Kosenko.PMAcademyTests;
				PRODUCT_NAME = "$(TARGET_NAME)";
				SWIFT_VERSION = 5.0;
				TARGETED_DEVICE_FAMILY = "1,2";
				TEST_HOST = "$(BUILT_PRODUCTS_DIR)/PMAcademy.app/PMAcademy";
			};
			name = Release;
		};
		9EB648C32582B8C20089AB83 /* Debug */ = {
			isa = XCBuildConfiguration;
			buildSettings = {
				ALWAYS_EMBED_SWIFT_STANDARD_LIBRARIES = YES;
				CODE_SIGN_STYLE = Automatic;
				INFOPLIST_FILE = PMAcademyUITests/Info.plist;
				LD_RUNPATH_SEARCH_PATHS = (
					"$(inherited)",
					"@executable_path/Frameworks",
					"@loader_path/Frameworks",
				);
				PRODUCT_BUNDLE_IDENTIFIER = Kosenko.PMAcademyUITests;
				PRODUCT_NAME = "$(TARGET_NAME)";
				SWIFT_VERSION = 5.0;
				TARGETED_DEVICE_FAMILY = "1,2";
				TEST_TARGET_NAME = PMAcademy;
			};
			name = Debug;
		};
		9EB648C42582B8C20089AB83 /* Release */ = {
			isa = XCBuildConfiguration;
			buildSettings = {
				ALWAYS_EMBED_SWIFT_STANDARD_LIBRARIES = YES;
				CODE_SIGN_STYLE = Automatic;
				INFOPLIST_FILE = PMAcademyUITests/Info.plist;
				LD_RUNPATH_SEARCH_PATHS = (
					"$(inherited)",
					"@executable_path/Frameworks",
					"@loader_path/Frameworks",
				);
				PRODUCT_BUNDLE_IDENTIFIER = Kosenko.PMAcademyUITests;
				PRODUCT_NAME = "$(TARGET_NAME)";
				SWIFT_VERSION = 5.0;
				TARGETED_DEVICE_FAMILY = "1,2";
				TEST_TARGET_NAME = PMAcademy;
			};
			name = Release;
		};
/* End XCBuildConfiguration section */

/* Begin XCConfigurationList section */
		9EB648902582B8BF0089AB83 /* Build configuration list for PBXProject "PMAcademy" */ = {
			isa = XCConfigurationList;
			buildConfigurations = (
				9EB648BA2582B8C20089AB83 /* Debug */,
				9EB648BB2582B8C20089AB83 /* Release */,
			);
			defaultConfigurationIsVisible = 0;
			defaultConfigurationName = Release;
		};
		9EB648BC2582B8C20089AB83 /* Build configuration list for PBXNativeTarget "PMAcademy" */ = {
			isa = XCConfigurationList;
			buildConfigurations = (
				9EB648BD2582B8C20089AB83 /* Debug */,
				9EB648BE2582B8C20089AB83 /* Release */,
			);
			defaultConfigurationIsVisible = 0;
			defaultConfigurationName = Release;
		};
		9EB648BF2582B8C20089AB83 /* Build configuration list for PBXNativeTarget "PMAcademyTests" */ = {
			isa = XCConfigurationList;
			buildConfigurations = (
				9EB648C02582B8C20089AB83 /* Debug */,
				9EB648C12582B8C20089AB83 /* Release */,
			);
			defaultConfigurationIsVisible = 0;
			defaultConfigurationName = Release;
		};
		9EB648C22582B8C20089AB83 /* Build configuration list for PBXNativeTarget "PMAcademyUITests" */ = {
			isa = XCConfigurationList;
			buildConfigurations = (
				9EB648C32582B8C20089AB83 /* Debug */,
				9EB648C42582B8C20089AB83 /* Release */,
			);
			defaultConfigurationIsVisible = 0;
			defaultConfigurationName = Release;
		};
/* End XCConfigurationList section */
	};
	rootObject = 9EB6488D2582B8BF0089AB83 /* Project object */;
}
